
Microsoft Visual Studio Solution File, Format Version 12.00
# Visual Studio Version 17
VisualStudioVersion = 17.1.32210.238
MinimumVisualStudioVersion = 10.0.40219.1
Project("{FAE04EC0-301F-11D3-BF4B-00C04F79EFBC}") = "Turkcell_EntitiyFrameworkHomeWork", "Turkcell_EntitiyFrameworkHomeWork\Turkcell_EntitiyFrameworkHomeWork.csproj", "{22A3FC89-B57A-4ACF-A93B-75FE97831217}"
EndProject
Global
	GlobalSection(SolutionConfigurationPlatforms) = preSolution
		Debug|Any CPU = Debug|Any CPU
		Release|Any CPU = Release|Any CPU
	EndGlobalSection
	GlobalSection(ProjectConfigurationPlatforms) = postSolution
		{22A3FC89-B57A-4ACF-A93B-75FE97831217}.Debug|Any CPU.ActiveCfg = Debug|Any CPU
		{22A3FC89-B57A-4ACF-A93B-75FE97831217}.Debug|Any CPU.Build.0 = Debug|Any CPU
		{22A3FC89-B57A-4ACF-A93B-75FE97831217}.Release|Any CPU.ActiveCfg = Release|Any CPU
		{22A3FC89-B57A-4ACF-A93B-75FE97831217}.Release|Any CPU.Build.0 = Release|Any CPU
	EndGlobalSection
	GlobalSection(SolutionProperties) = preSolution
		HideSolutionNode = FALSE
	EndGlobalSection
	GlobalSection(ExtensibilityGlobals) = postSolution
		SolutionGuid = {DF7A2098-217D-4A8B-B189-50EE26C1D9A9}
	EndGlobalSection
EndGlobal
